
Microsoft Visual Studio Solution File, Format Version 12.00
# Visual Studio 15
VisualStudioVersion = 15.0.28307.329
MinimumVisualStudioVersion = 10.0.40219.1
Project("{FAE04EC0-301F-11D3-BF4B-00C04F79EFBC}") = "DisposableObjects", "DisposableObjects\DisposableObjects.csproj", "{37CECB11-4649-40DF-8D86-035DB4323252}"
EndProject
Global
	GlobalSection(SolutionConfigurationPlatforms) = preSolution
		Debug|Any CPU = Debug|Any CPU
		Release|Any CPU = Release|Any CPU
	EndGlobalSection
	GlobalSection(ProjectConfigurationPlatforms) = postSolution
		{37CECB11-4649-40DF-8D86-035DB4323252}.Debug|Any CPU.ActiveCfg = Debug|Any CPU
		{37CECB11-4649-40DF-8D86-035DB4323252}.Debug|Any CPU.Build.0 = Debug|Any CPU
		{37CECB11-4649-40DF-8D86-035DB4323252}.Release|Any CPU.ActiveCfg = Release|Any CPU
		{37CECB11-4649-40DF-8D86-035DB4323252}.Release|Any CPU.Build.0 = Release|Any CPU
	EndGlobalSection
	GlobalSection(SolutionProperties) = preSolution
		HideSolutionNode = FALSE
	EndGlobalSection
	GlobalSection(ExtensibilityGlobals) = postSolution
		SolutionGuid = {E38AFAF8-EA77-4EC3-B9E7-1CA6E99117AD}
	EndGlobalSection
EndGlobal
