
Microsoft Visual Studio Solution File, Format Version 12.00
# Visual Studio 15
VisualStudioVersion = 15.0.28307.136
MinimumVisualStudioVersion = 10.0.40219.1
Project("{FAE04EC0-301F-11D3-BF4B-00C04F79EFBC}") = "LinqQueries", "LinqQueries\LinqQueries.csproj", "{8FE0930B-EBA7-4773-B83A-5475A00E85D9}"
EndProject
Project("{FAE04EC0-301F-11D3-BF4B-00C04F79EFBC}") = "MockData", "MockData\MockData.csproj", "{E33B05C9-BD01-43F6-BBE7-DB6EF539EBFF}"
EndProject
Project("{FAE04EC0-301F-11D3-BF4B-00C04F79EFBC}") = "XMLData", "XMLData\XMLData.csproj", "{B1021535-7C32-4B00-B29D-70CE826E26EE}"
EndProject
Project("{FAE04EC0-301F-11D3-BF4B-00C04F79EFBC}") = "JSONData", "JSONData\JSONData.csproj", "{0369329B-8FB0-4ED1-8164-39F3D3E1417A}"
EndProject
Project("{FAE04EC0-301F-11D3-BF4B-00C04F79EFBC}") = "Streem", "Streem\Streem.csproj", "{15391EF8-21F4-4D11-A83F-ACA447121D4C}"
EndProject
Global
	GlobalSection(SolutionConfigurationPlatforms) = preSolution
		Debug|Any CPU = Debug|Any CPU
		Release|Any CPU = Release|Any CPU
	EndGlobalSection
	GlobalSection(ProjectConfigurationPlatforms) = postSolution
		{8FE0930B-EBA7-4773-B83A-5475A00E85D9}.Debug|Any CPU.ActiveCfg = Debug|Any CPU
		{8FE0930B-EBA7-4773-B83A-5475A00E85D9}.Debug|Any CPU.Build.0 = Debug|Any CPU
		{8FE0930B-EBA7-4773-B83A-5475A00E85D9}.Release|Any CPU.ActiveCfg = Release|Any CPU
		{8FE0930B-EBA7-4773-B83A-5475A00E85D9}.Release|Any CPU.Build.0 = Release|Any CPU
		{E33B05C9-BD01-43F6-BBE7-DB6EF539EBFF}.Debug|Any CPU.ActiveCfg = Debug|Any CPU
		{E33B05C9-BD01-43F6-BBE7-DB6EF539EBFF}.Debug|Any CPU.Build.0 = Debug|Any CPU
		{E33B05C9-BD01-43F6-BBE7-DB6EF539EBFF}.Release|Any CPU.ActiveCfg = Release|Any CPU
		{E33B05C9-BD01-43F6-BBE7-DB6EF539EBFF}.Release|Any CPU.Build.0 = Release|Any CPU
		{B1021535-7C32-4B00-B29D-70CE826E26EE}.Debug|Any CPU.ActiveCfg = Debug|Any CPU
		{B1021535-7C32-4B00-B29D-70CE826E26EE}.Debug|Any CPU.Build.0 = Debug|Any CPU
		{B1021535-7C32-4B00-B29D-70CE826E26EE}.Release|Any CPU.ActiveCfg = Release|Any CPU
		{B1021535-7C32-4B00-B29D-70CE826E26EE}.Release|Any CPU.Build.0 = Release|Any CPU
		{0369329B-8FB0-4ED1-8164-39F3D3E1417A}.Debug|Any CPU.ActiveCfg = Debug|Any CPU
		{0369329B-8FB0-4ED1-8164-39F3D3E1417A}.Debug|Any CPU.Build.0 = Debug|Any CPU
		{0369329B-8FB0-4ED1-8164-39F3D3E1417A}.Release|Any CPU.ActiveCfg = Release|Any CPU
		{0369329B-8FB0-4ED1-8164-39F3D3E1417A}.Release|Any CPU.Build.0 = Release|Any CPU
		{15391EF8-21F4-4D11-A83F-ACA447121D4C}.Debug|Any CPU.ActiveCfg = Debug|Any CPU
		{15391EF8-21F4-4D11-A83F-ACA447121D4C}.Debug|Any CPU.Build.0 = Debug|Any CPU
		{15391EF8-21F4-4D11-A83F-ACA447121D4C}.Release|Any CPU.ActiveCfg = Release|Any CPU
		{15391EF8-21F4-4D11-A83F-ACA447121D4C}.Release|Any CPU.Build.0 = Release|Any CPU
	EndGlobalSection
	GlobalSection(SolutionProperties) = preSolution
		HideSolutionNode = FALSE
	EndGlobalSection
	GlobalSection(ExtensibilityGlobals) = postSolution
		SolutionGuid = {4347B5E7-5E31-4F3A-8A3E-4FBDE3E976F1}
	EndGlobalSection
EndGlobal
